// !$*UTF8*$!
{
	archiveVersion = 1;
	classes = {
	};
	objectVersion = 52;
	objects = {

/* Begin PBXBuildFile section */
		489771BD27E2B414008C3412 /* AppDelegate.swift in Sources */ = {isa = PBXBuildFile; fileRef = 489771BC27E2B414008C3412 /* AppDelegate.swift */; };
		489771BF27E2B414008C3412 /* SceneDelegate.swift in Sources */ = {isa = PBXBuildFile; fileRef = 489771BE27E2B414008C3412 /* SceneDelegate.swift */; };
		489771C127E2B414008C3412 /* ViewController.swift in Sources */ = {isa = PBXBuildFile; fileRef = 489771C027E2B414008C3412 /* ViewController.swift */; };
		489771C627E2B415008C3412 /* Assets.xcassets in Resources */ = {isa = PBXBuildFile; fileRef = 489771C527E2B415008C3412 /* Assets.xcassets */; };
		489771C927E2B415008C3412 /* LaunchScreen.storyboard in Resources */ = {isa = PBXBuildFile; fileRef = 489771C727E2B415008C3412 /* LaunchScreen.storyboard */; };
		489771F427E2B588008C3412 /* MyLogger1.framework in Frameworks */ = {isa = PBXBuildFile; fileRef = 489771F027E2B576008C3412 /* MyLogger1.framework */; };
		489771F527E2B588008C3412 /* MyLogger1.framework in Embed Frameworks */ = {isa = PBXBuildFile; fileRef = 489771F027E2B576008C3412 /* MyLogger1.framework */; settings = {ATTRIBUTES = (CodeSignOnCopy, RemoveHeadersOnCopy, ); }; };
		489771FC27E2B6B6008C3412 /* MyLogger2 in Frameworks */ = {isa = PBXBuildFile; productRef = 489771FB27E2B6B6008C3412 /* MyLogger2 */; };
		FAC861592AC171726CBA0FDE /* Pods_vazhuravlev_3PW6.framework in Frameworks */ = {isa = PBXBuildFile; fileRef = C5A8942D241CB0059F9C7E8A /* Pods_vazhuravlev_3PW6.framework */; };
/* End PBXBuildFile section */

/* Begin PBXContainerItemProxy section */
		489771EF27E2B576008C3412 /* PBXContainerItemProxy */ = {
			isa = PBXContainerItemProxy;
			containerPortal = 489771EB27E2B576008C3412 /* MyLogger1.xcodeproj */;
			proxyType = 2;
			remoteGlobalIDString = 489771DC27E2B4CC008C3412;
			remoteInfo = MyLogger1;
		};
/* End PBXContainerItemProxy section */

/* Begin PBXCopyFilesBuildPhase section */
		489771F627E2B588008C3412 /* Embed Frameworks */ = {
			isa = PBXCopyFilesBuildPhase;
			buildActionMask = 2147483647;
			dstPath = "";
			dstSubfolderSpec = 10;
			files = (
				489771F527E2B588008C3412 /* MyLogger1.framework in Embed Frameworks */,
			);
			name = "Embed Frameworks";
			runOnlyForDeploymentPostprocessing = 0;
		};
/* End PBXCopyFilesBuildPhase section */

/* Begin PBXFileReference section */
		489771B927E2B414008C3412 /* vazhuravlev_3PW6.app */ = {isa = PBXFileReference; explicitFileType = wrapper.application; includeInIndex = 0; path = vazhuravlev_3PW6.app; sourceTree = BUILT_PRODUCTS_DIR; };
		489771BC27E2B414008C3412 /* AppDelegate.swift */ = {isa = PBXFileReference; lastKnownFileType = sourcecode.swift; path = AppDelegate.swift; sourceTree = "<group>"; };
		489771BE27E2B414008C3412 /* SceneDelegate.swift */ = {isa = PBXFileReference; lastKnownFileType = sourcecode.swift; path = SceneDelegate.swift; sourceTree = "<group>"; };
		489771C027E2B414008C3412 /* ViewController.swift */ = {isa = PBXFileReference; lastKnownFileType = sourcecode.swift; path = ViewController.swift; sourceTree = "<group>"; };
		489771C527E2B415008C3412 /* Assets.xcassets */ = {isa = PBXFileReference; lastKnownFileType = folder.assetcatalog; path = Assets.xcassets; sourceTree = "<group>"; };
		489771C827E2B415008C3412 /* Base */ = {isa = PBXFileReference; lastKnownFileType = file.storyboard; name = Base; path = Base.lproj/LaunchScreen.storyboard; sourceTree = "<group>"; };
		489771CA27E2B415008C3412 /* Info.plist */ = {isa = PBXFileReference; lastKnownFileType = text.plist.xml; path = Info.plist; sourceTree = "<group>"; };
		489771EB27E2B576008C3412 /* MyLogger1.xcodeproj */ = {isa = PBXFileReference; lastKnownFileType = "wrapper.pb-project"; name = MyLogger1.xcodeproj; path = ../MyLogger1/MyLogger1.xcodeproj; sourceTree = "<group>"; };
		489771F827E2B66B008C3412 /* MyLogger2 */ = {isa = PBXFileReference; lastKnownFileType = folder; path = MyLogger2; sourceTree = "<group>"; };
		55532E91E23A4ABAFDF505BF /* Pods-vazhuravlev_3PW6.debug.xcconfig */ = {isa = PBXFileReference; includeInIndex = 1; lastKnownFileType = text.xcconfig; name = "Pods-vazhuravlev_3PW6.debug.xcconfig"; path = "Target Support Files/Pods-vazhuravlev_3PW6/Pods-vazhuravlev_3PW6.debug.xcconfig"; sourceTree = "<group>"; };
		C5A8942D241CB0059F9C7E8A /* Pods_vazhuravlev_3PW6.framework */ = {isa = PBXFileReference; explicitFileType = wrapper.framework; includeInIndex = 0; path = Pods_vazhuravlev_3PW6.framework; sourceTree = BUILT_PRODUCTS_DIR; };
		ECC9FF9B26A142665539DDB5 /* Pods-vazhuravlev_3PW6.release.xcconfig */ = {isa = PBXFileReference; includeInIndex = 1; lastKnownFileType = text.xcconfig; name = "Pods-vazhuravlev_3PW6.release.xcconfig"; path = "Target Support Files/Pods-vazhuravlev_3PW6/Pods-vazhuravlev_3PW6.release.xcconfig"; sourceTree = "<group>"; };
/* End PBXFileReference section */

/* Begin PBXFrameworksBuildPhase section */
		489771B627E2B414008C3412 /* Frameworks */ = {
			isa = PBXFrameworksBuildPhase;
			buildActionMask = 2147483647;
			files = (
				489771F427E2B588008C3412 /* MyLogger1.framework in Frameworks */,
				489771FC27E2B6B6008C3412 /* MyLogger2 in Frameworks */,
				FAC861592AC171726CBA0FDE /* Pods_vazhuravlev_3PW6.framework in Frameworks */,
			);
			runOnlyForDeploymentPostprocessing = 0;
		};
/* End PBXFrameworksBuildPhase section */

/* Begin PBXGroup section */
		489771B027E2B414008C3412 = {
			isa = PBXGroup;
			children = (
				489771EB27E2B576008C3412 /* MyLogger1.xcodeproj */,
				489771FA27E2B681008C3412 /* Packages */,
				489771BB27E2B414008C3412 /* vazhuravlev_3PW6 */,
				489771BA27E2B414008C3412 /* Products */,
				489771F327E2B588008C3412 /* Frameworks */,
				A52B72A0D024766223653DCF /* Pods */,
			);
			sourceTree = "<group>";
		};
		489771BA27E2B414008C3412 /* Products */ = {
			isa = PBXGroup;
			children = (
				489771B927E2B414008C3412 /* vazhuravlev_3PW6.app */,
			);
			name = Products;
			sourceTree = "<group>";
		};
		489771BB27E2B414008C3412 /* vazhuravlev_3PW6 */ = {
			isa = PBXGroup;
			children = (
				489771BC27E2B414008C3412 /* AppDelegate.swift */,
				489771BE27E2B414008C3412 /* SceneDelegate.swift */,
				489771C027E2B414008C3412 /* ViewController.swift */,
				489771C527E2B415008C3412 /* Assets.xcassets */,
				489771C727E2B415008C3412 /* LaunchScreen.storyboard */,
				489771CA27E2B415008C3412 /* Info.plist */,
			);
			path = vazhuravlev_3PW6;
			sourceTree = "<group>";
		};
		489771EC27E2B576008C3412 /* Products */ = {
			isa = PBXGroup;
			children = (
				489771F027E2B576008C3412 /* MyLogger1.framework */,
			);
			name = Products;
			sourceTree = "<group>";
		};
		489771F327E2B588008C3412 /* Frameworks */ = {
			isa = PBXGroup;
			children = (
				C5A8942D241CB0059F9C7E8A /* Pods_vazhuravlev_3PW6.framework */,
			);
			name = Frameworks;
			sourceTree = "<group>";
		};
		489771FA27E2B681008C3412 /* Packages */ = {
			isa = PBXGroup;
			children = (
				489771F827E2B66B008C3412 /* MyLogger2 */,
			);
			path = Packages;
			sourceTree = "<group>";
		};
		A52B72A0D024766223653DCF /* Pods */ = {
			isa = PBXGroup;
			children = (
				55532E91E23A4ABAFDF505BF /* Pods-vazhuravlev_3PW6.debug.xcconfig */,
				ECC9FF9B26A142665539DDB5 /* Pods-vazhuravlev_3PW6.release.xcconfig */,
			);
			name = Pods;
			path = Pods;
			sourceTree = "<group>";
		};
/* End PBXGroup section */

/* Begin PBXNativeTarget section */
		489771B827E2B414008C3412 /* vazhuravlev_3PW6 */ = {
			isa = PBXNativeTarget;
			buildConfigurationList = 489771CD27E2B415008C3412 /* Build configuration list for PBXNativeTarget "vazhuravlev_3PW6" */;
			buildPhases = (
				3D4F2C54B99283A82B51F7B2 /* [CP] Check Pods Manifest.lock */,
				489771B527E2B414008C3412 /* Sources */,
				489771B627E2B414008C3412 /* Frameworks */,
				489771B727E2B414008C3412 /* Resources */,
				489771F627E2B588008C3412 /* Embed Frameworks */,
				9D72A61511128161A7D8A359 /* [CP] Embed Pods Frameworks */,
			);
			buildRules = (
			);
			dependencies = (
			);
			name = vazhuravlev_3PW6;
			packageProductDependencies = (
				489771FB27E2B6B6008C3412 /* MyLogger2 */,
			);
			productName = vazhuravlev_3PW6;
			productReference = 489771B927E2B414008C3412 /* vazhuravlev_3PW6.app */;
			productType = "com.apple.product-type.application";
		};
/* End PBXNativeTarget section */

/* Begin PBXProject section */
		489771B127E2B414008C3412 /* Project object */ = {
			isa = PBXProject;
			attributes = {
				LastSwiftUpdateCheck = 1210;
				LastUpgradeCheck = 1210;
				TargetAttributes = {
					489771B827E2B414008C3412 = {
						CreatedOnToolsVersion = 12.1;
					};
				};
			};
			buildConfigurationList = 489771B427E2B414008C3412 /* Build configuration list for PBXProject "vazhuravlev_3PW6" */;
			compatibilityVersion = "Xcode 9.3";
			developmentRegion = en;
			hasScannedForEncodings = 0;
			knownRegions = (
				en,
				Base,
			);
			mainGroup = 489771B027E2B414008C3412;
			productRefGroup = 489771BA27E2B414008C3412 /* Products */;
			projectDirPath = "";
			projectReferences = (
				{
					ProductGroup = 489771EC27E2B576008C3412 /* Products */;
					ProjectRef = 489771EB27E2B576008C3412 /* MyLogger1.xcodeproj */;
				},
			);
			projectRoot = "";
			targets = (
				489771B827E2B414008C3412 /* vazhuravlev_3PW6 */,
			);
		};
/* End PBXProject section */

/* Begin PBXReferenceProxy section */
		489771F027E2B576008C3412 /* MyLogger1.framework */ = {
			isa = PBXReferenceProxy;
			fileType = wrapper.framework;
			path = MyLogger1.framework;
			remoteRef = 489771EF27E2B576008C3412 /* PBXContainerItemProxy */;
			sourceTree = BUILT_PRODUCTS_DIR;
		};
/* End PBXReferenceProxy section */

/* Begin PBXResourcesBuildPhase section */
		489771B727E2B414008C3412 /* Resources */ = {
			isa = PBXResourcesBuildPhase;
			buildActionMask = 2147483647;
			files = (
				489771C927E2B415008C3412 /* LaunchScreen.storyboard in Resources */,
				489771C627E2B415008C3412 /* Assets.xcassets in Resources */,
			);
			runOnlyForDeploymentPostprocessing = 0;
		};
/* End PBXResourcesBuildPhase section */

/* Begin PBXShellScriptBuildPhase section */
		3D4F2C54B99283A82B51F7B2 /* [CP] Check Pods Manifest.lock */ = {
			isa = PBXShellScriptBuildPhase;
			buildActionMask = 2147483647;
			files = (
			);
			inputFileListPaths = (
			);
			inputPaths = (
				"${PODS_PODFILE_DIR_PATH}/Podfile.lock",
				"${PODS_ROOT}/Manifest.lock",
			);
			name = "[CP] Check Pods Manifest.lock";
			outputFileListPaths = (
			);
			outputPaths = (
				"$(DERIVED_FILE_DIR)/Pods-vazhuravlev_3PW6-checkManifestLockResult.txt",
			);
			runOnlyForDeploymentPostprocessing = 0;
			shellPath = /bin/sh;
			shellScript = "diff \"${PODS_PODFILE_DIR_PATH}/Podfile.lock\" \"${PODS_ROOT}/Manifest.lock\" > /dev/null\nif [ $? != 0 ] ; then\n    # print error to STDERR\n    echo \"error: The sandbox is not in sync with the Podfile.lock. Run 'pod install' or update your CocoaPods installation.\" >&2\n    exit 1\nfi\n# This output is used by Xcode 'outputs' to avoid re-running this script phase.\necho \"SUCCESS\" > \"${SCRIPT_OUTPUT_FILE_0}\"\n";
			showEnvVarsInLog = 0;
		};
		9D72A61511128161A7D8A359 /* [CP] Embed Pods Frameworks */ = {
			isa = PBXShellScriptBuildPhase;
			buildActionMask = 2147483647;
			files = (
			);
			inputFileListPaths = (
				"${PODS_ROOT}/Target Support Files/Pods-vazhuravlev_3PW6/Pods-vazhuravlev_3PW6-frameworks-${CONFIGURATION}-input-files.xcfilelist",
			);
			name = "[CP] Embed Pods Frameworks";
			outputFileListPaths = (
				"${PODS_ROOT}/Target Support Files/Pods-vazhuravlev_3PW6/Pods-vazhuravlev_3PW6-frameworks-${CONFIGURATION}-output-files.xcfilelist",
			);
			runOnlyForDeploymentPostprocessing = 0;
			shellPath = /bin/sh;
			shellScript = "\"${PODS_ROOT}/Target Support Files/Pods-vazhuravlev_3PW6/Pods-vazhuravlev_3PW6-frameworks.sh\"\n";
			showEnvVarsInLog = 0;
		};
/* End PBXShellScriptBuildPhase section */

/* Begin PBXSourcesBuildPhase section */
		489771B527E2B414008C3412 /* Sources */ = {
			isa = PBXSourcesBuildPhase;
			buildActionMask = 2147483647;
			files = (
				489771C127E2B414008C3412 /* ViewController.swift in Sources */,
				489771BD27E2B414008C3412 /* AppDelegate.swift in Sources */,
				489771BF27E2B414008C3412 /* SceneDelegate.swift in Sources */,
			);
			runOnlyForDeploymentPostprocessing = 0;
		};
/* End PBXSourcesBuildPhase section */

/* Begin PBXVariantGroup section */
		489771C727E2B415008C3412 /* LaunchScreen.storyboard */ = {
			isa = PBXVariantGroup;
			children = (
				489771C827E2B415008C3412 /* Base */,
			);
			name = LaunchScreen.storyboard;
			sourceTree = "<group>";
		};
/* End PBXVariantGroup section */

/* Begin XCBuildConfiguration section */
		489771CB27E2B415008C3412 /* Debug */ = {
			isa = XCBuildConfiguration;
			buildSettings = {
				ALWAYS_SEARCH_USER_PATHS = NO;
				CLANG_ANALYZER_NONNULL = YES;
				CLANG_ANALYZER_NUMBER_OBJECT_CONVERSION = YES_AGGRESSIVE;
				CLANG_CXX_LANGUAGE_STANDARD = "gnu++14";
				CLANG_CXX_LIBRARY = "libc++";
				CLANG_ENABLE_MODULES = YES;
				CLANG_ENABLE_OBJC_ARC = YES;
				CLANG_ENABLE_OBJC_WEAK = YES;
				CLANG_WARN_BLOCK_CAPTURE_AUTORELEASING = YES;
				CLANG_WARN_BOOL_CONVERSION = YES;
				CLANG_WARN_COMMA = YES;
				CLANG_WARN_CONSTANT_CONVERSION = YES;
				CLANG_WARN_DEPRECATED_OBJC_IMPLEMENTATIONS = YES;
				CLANG_WARN_DIRECT_OBJC_ISA_USAGE = YES_ERROR;
				CLANG_WARN_DOCUMENTATION_COMMENTS = YES;
				CLANG_WARN_EMPTY_BODY = YES;
				CLANG_WARN_ENUM_CONVERSION = YES;
				CLANG_WARN_INFINITE_RECURSION = YES;
				CLANG_WARN_INT_CONVERSION = YES;
				CLANG_WARN_NON_LITERAL_NULL_CONVERSION = YES;
				CLANG_WARN_OBJC_IMPLICIT_RETAIN_SELF = YES;
				CLANG_WARN_OBJC_LITERAL_CONVERSION = YES;
				CLANG_WARN_OBJC_ROOT_CLASS = YES_ERROR;
				CLANG_WARN_QUOTED_INCLUDE_IN_FRAMEWORK_HEADER = YES;
				CLANG_WARN_RANGE_LOOP_ANALYSIS = YES;
				CLANG_WARN_STRICT_PROTOTYPES = YES;
				CLANG_WARN_SUSPICIOUS_MOVE = YES;
				CLANG_WARN_UNGUARDED_AVAILABILITY = YES_AGGRESSIVE;
				CLANG_WARN_UNREACHABLE_CODE = YES;
				CLANG_WARN__DUPLICATE_METHOD_MATCH = YES;
				COPY_PHASE_STRIP = NO;
				DEBUG_INFORMATION_FORMAT = dwarf;
				ENABLE_STRICT_OBJC_MSGSEND = YES;
				ENABLE_TESTABILITY = YES;
				GCC_C_LANGUAGE_STANDARD = gnu11;
				GCC_DYNAMIC_NO_PIC = NO;
				GCC_NO_COMMON_BLOCKS = YES;
				GCC_OPTIMIZATION_LEVEL = 0;
				GCC_PREPROCESSOR_DEFINITIONS = (
					"DEBUG=1",
					"$(inherited)",
				);
				GCC_WARN_64_TO_32_BIT_CONVERSION = YES;
				GCC_WARN_ABOUT_RETURN_TYPE = YES_ERROR;
				GCC_WARN_UNDECLARED_SELECTOR = YES;
				GCC_WARN_UNINITIALIZED_AUTOS = YES_AGGRESSIVE;
				GCC_WARN_UNUSED_FUNCTION = YES;
				GCC_WARN_UNUSED_VARIABLE = YES;
				IPHONEOS_DEPLOYMENT_TARGET = 14.1;
				MTL_ENABLE_DEBUG_INFO = INCLUDE_SOURCE;
				MTL_FAST_MATH = YES;
				ONLY_ACTIVE_ARCH = YES;
				SDKROOT = iphoneos;
				SWIFT_ACTIVE_COMPILATION_CONDITIONS = DEBUG;
				SWIFT_OPTIMIZATION_LEVEL = "-Onone";
			};
			name = Debug;
		};
		489771CC27E2B415008C3412 /* Release */ = {
			isa = XCBuildConfiguration;
			buildSettings = {
				ALWAYS_SEARCH_USER_PATHS = NO;
				CLANG_ANALYZER_NONNULL = YES;
				CLANG_ANALYZER_NUMBER_OBJECT_CONVERSION = YES_AGGRESSIVE;
				CLANG_CXX_LANGUAGE_STANDARD = "gnu++14";
				CLANG_CXX_LIBRARY = "libc++";
				CLANG_ENABLE_MODULES = YES;
				CLANG_ENABLE_OBJC_ARC = YES;
				CLANG_ENABLE_OBJC_WEAK = YES;
				CLANG_WARN_BLOCK_CAPTURE_AUTORELEASING = YES;
				CLANG_WARN_BOOL_CONVERSION = YES;
				CLANG_WARN_COMMA = YES;
				CLANG_WARN_CONSTANT_CONVERSION = YES;
				CLANG_WARN_DEPRECATED_OBJC_IMPLEMENTATIONS = YES;
				CLANG_WARN_DIRECT_OBJC_ISA_USAGE = YES_ERROR;
				CLANG_WARN_DOCUMENTATION_COMMENTS = YES;
				CLANG_WARN_EMPTY_BODY = YES;
				CLANG_WARN_ENUM_CONVERSION = YES;
				CLANG_WARN_INFINITE_RECURSION = YES;
				CLANG_WARN_INT_CONVERSION = YES;
				CLANG_WARN_NON_LITERAL_NULL_CONVERSION = YES;
				CLANG_WARN_OBJC_IMPLICIT_RETAIN_SELF = YES;
				CLANG_WARN_OBJC_LITERAL_CONVERSION = YES;
				CLANG_WARN_OBJC_ROOT_CLASS = YES_ERROR;
				CLANG_WARN_QUOTED_INCLUDE_IN_FRAMEWORK_HEADER = YES;
				CLANG_WARN_RANGE_LOOP_ANALYSIS = YES;
				CLANG_WARN_STRICT_PROTOTYPES = YES;
				CLANG_WARN_SUSPICIOUS_MOVE = YES;
				CLANG_WARN_UNGUARDED_AVAILABILITY = YES_AGGRESSIVE;
				CLANG_WARN_UNREACHABLE_CODE = YES;
				CLANG_WARN__DUPLICATE_METHOD_MATCH = YES;
				COPY_PHASE_STRIP = NO;
				DEBUG_INFORMATION_FORMAT = "dwarf-with-dsym";
				ENABLE_NS_ASSERTIONS = NO;
				ENABLE_STRICT_OBJC_MSGSEND = YES;
				GCC_C_LANGUAGE_STANDARD = gnu11;
				GCC_NO_COMMON_BLOCKS = YES;
				GCC_WARN_64_TO_32_BIT_CONVERSION = YES;
				GCC_WARN_ABOUT_RETURN_TYPE = YES_ERROR;
				GCC_WARN_UNDECLARED_SELECTOR = YES;
				GCC_WARN_UNINITIALIZED_AUTOS = YES_AGGRESSIVE;
				GCC_WARN_UNUSED_FUNCTION = YES;
				GCC_WARN_UNUSED_VARIABLE = YES;
				IPHONEOS_DEPLOYMENT_TARGET = 14.1;
				MTL_ENABLE_DEBUG_INFO = NO;
				MTL_FAST_MATH = YES;
				SDKROOT = iphoneos;
				SWIFT_COMPILATION_MODE = wholemodule;
				SWIFT_OPTIMIZATION_LEVEL = "-O";
				VALIDATE_PRODUCT = YES;
			};
			name = Release;
		};
		489771CE27E2B415008C3412 /* Debug */ = {
			isa = XCBuildConfiguration;
			baseConfigurationReference = 55532E91E23A4ABAFDF505BF /* Pods-vazhuravlev_3PW6.debug.xcconfig */;
			buildSettings = {
				ASSETCATALOG_COMPILER_APPICON_NAME = AppIcon;
				ASSETCATALOG_COMPILER_GLOBAL_ACCENT_COLOR_NAME = AccentColor;
				CODE_SIGN_STYLE = Automatic;
				DEVELOPMENT_TEAM = 8Y3W67AZM6;
				INFOPLIST_FILE = vazhuravlev_3PW6/Info.plist;
				LD_RUNPATH_SEARCH_PATHS = (
					"$(inherited)",
					"@executable_path/Frameworks",
				);
				PRODUCT_BUNDLE_IDENTIFIER = "ru.hse.vazhuravlev-3PW6";
				PRODUCT_NAME = "$(TARGET_NAME)";
				SWIFT_VERSION = 5.0;
				TARGETED_DEVICE_FAMILY = "1,2";
			};
			name = Debug;
		};
		489771CF27E2B415008C3412 /* Release */ = {
			isa = XCBuildConfiguration;
			baseConfigurationReference = ECC9FF9B26A142665539DDB5 /* Pods-vazhuravlev_3PW6.release.xcconfig */;
			buildSettings = {
				ASSETCATALOG_COMPILER_APPICON_NAME = AppIcon;
				ASSETCATALOG_COMPILER_GLOBAL_ACCENT_COLOR_NAME = AccentColor;
				CODE_SIGN_STYLE = Automatic;
				DEVELOPMENT_TEAM = 8Y3W67AZM6;
				INFOPLIST_FILE = vazhuravlev_3PW6/Info.plist;
				LD_RUNPATH_SEARCH_PATHS = (
					"$(inherited)",
					"@executable_path/Frameworks",
				);
				PRODUCT_BUNDLE_IDENTIFIER = "ru.hse.vazhuravlev-3PW6";
				PRODUCT_NAME = "$(TARGET_NAME)";
				SWIFT_VERSION = 5.0;
				TARGETED_DEVICE_FAMILY = "1,2";
			};
			name = Release;
		};
/* End XCBuildConfiguration section */

/* Begin XCConfigurationList section */
		489771B427E2B414008C3412 /* Build configuration list for PBXProject "vazhuravlev_3PW6" */ = {
			isa = XCConfigurationList;
			buildConfigurations = (
				489771CB27E2B415008C3412 /* Debug */,
				489771CC27E2B415008C3412 /* Release */,
			);
			defaultConfigurationIsVisible = 0;
			defaultConfigurationName = Release;
		};
		489771CD27E2B415008C3412 /* Build configuration list for PBXNativeTarget "vazhuravlev_3PW6" */ = {
			isa = XCConfigurationList;
			buildConfigurations = (
				489771CE27E2B415008C3412 /* Debug */,
				489771CF27E2B415008C3412 /* Release */,
			);
			defaultConfigurationIsVisible = 0;
			defaultConfigurationName = Release;
		};
/* End XCConfigurationList section */

/* Begin XCSwiftPackageProductDependency section */
		489771FB27E2B6B6008C3412 /* MyLogger2 */ = {
			isa = XCSwiftPackageProductDependency;
			productName = MyLogger2;
		};
/* End XCSwiftPackageProductDependency section */
	};
	rootObject = 489771B127E2B414008C3412 /* Project object */;
}
